
Microsoft Visual Studio Solution File, Format Version 12.00
# Visual Studio Version 17
VisualStudioVersion = 17.12.35506.116
MinimumVisualStudioVersion = 10.0.40219.1
Project("{8BC9CEB8-8B4A-11D0-8D11-00A0C91BC942}") = "0002.两数相加", "2.两数相加\2.两数相加.vcxproj", "{BD7A90CE-5D25-4496-8149-DD001801744C}"
EndProject
Project("{8BC9CEB8-8B4A-11D0-8D11-00A0C91BC942}") = "0003. 无重复字符的最长子串", "3. 无重复字符的最长子串\3. 无重复字符的最长子串.vcxproj", "{172BBA63-3925-4889-A95D-FE5FE1B4D72D}"
EndProject
Project("{8BC9CEB8-8B4A-11D0-8D11-00A0C91BC942}") = "0001.两数之和", "1.两数之和\1.两数之和.vcxproj", "{73ED0D80-1BEE-4B1D-8303-28D801F56CB9}"
EndProject
Project("{8BC9CEB8-8B4A-11D0-8D11-00A0C91BC942}") = "0004. 寻找两个正序数组的中位数", "4. 寻找两个正序数组的中位数\4. 寻找两个正序数组的中位数.vcxproj", "{DA599849-EE53-48F5-8DA6-5E89694ED2CA}"
EndProject
Project("{8BC9CEB8-8B4A-11D0-8D11-00A0C91BC942}") = "0005. 最长回文子串", "5. 最长回文子串\5. 最长回文子串.vcxproj", "{B78BD006-466B-4379-B304-A71F16EF8DE1}"
EndProject
Project("{8BC9CEB8-8B4A-11D0-8D11-00A0C91BC942}") = "0006. Z 字形变换", "6. Z 字形变换\6. Z 字形变换.vcxproj", "{3285F6BB-1B11-4F46-A089-252E43431870}"
EndProject
Project("{8BC9CEB8-8B4A-11D0-8D11-00A0C91BC942}") = "0007. 整数反转", "7. 整数反转\7. 整数反转.vcxproj", "{628D6836-194E-4507-8CEE-7B7834A96C98}"
EndProject
Project("{8BC9CEB8-8B4A-11D0-8D11-00A0C91BC942}") = "0008. 字符串转换整数 (atoi)", "8. 字符串转换整数 (atoi)\8. 字符串转换整数 (atoi).vcxproj", "{C997F213-3A4E-414D-87D1-EE4BC8C80F25}"
EndProject
Project("{8BC9CEB8-8B4A-11D0-8D11-00A0C91BC942}") = "0009. 回文数", "9. 回文数\9. 回文数.vcxproj", "{B67BC445-380B-4DC4-90C6-72232C8730EC}"
EndProject
Project("{8BC9CEB8-8B4A-11D0-8D11-00A0C91BC942}") = "0010. 正则表达式匹配", "10. 正则表达式匹配\10. 正则表达式匹配.vcxproj", "{6D606DD3-F006-4178-820E-13CC78E4F5A4}"
EndProject
Project("{8BC9CEB8-8B4A-11D0-8D11-00A0C91BC942}") = "0011. 盛最多水的容器", "0011. 盛最多水的容器\0011. 盛最多水的容器.vcxproj", "{6C8E26D5-95D4-4DEC-8CF9-102FA4CC31E0}"
EndProject
Project("{8BC9CEB8-8B4A-11D0-8D11-00A0C91BC942}") = "0012. 整数转罗马数字", "0012. 整数转罗马数字\0012. 整数转罗马数字.vcxproj", "{FD75907C-B4FB-45F0-893E-65EBD4506D9C}"
EndProject
Project("{8BC9CEB8-8B4A-11D0-8D11-00A0C91BC942}") = "0013. 罗马数字转整数", "13. 罗马数字转整数\13. 罗马数字转整数.vcxproj", "{A91385FA-6460-46EC-B738-BC0884E28577}"
EndProject
Project("{8BC9CEB8-8B4A-11D0-8D11-00A0C91BC942}") = "0014. 最长公共前缀", "0014. 最长公共前缀\0014. 最长公共前缀.vcxproj", "{EBE5779E-3E06-45D0-8911-655D27AEB8F6}"
EndProject
Project("{8BC9CEB8-8B4A-11D0-8D11-00A0C91BC942}") = "0015. 三数之和", "0015. 三数之和\0015. 三数之和.vcxproj", "{0C115A5A-0537-4990-A175-DAD644AABB50}"
EndProject
Project("{8BC9CEB8-8B4A-11D0-8D11-00A0C91BC942}") = "0016. 最接近的三数之和", "0016. 最接近的三数之和\0016. 最接近的三数之和.vcxproj", "{521F387E-7798-4E6E-AF04-2120A79061D7}"
EndProject
Project("{8BC9CEB8-8B4A-11D0-8D11-00A0C91BC942}") = "0017. 电话号码的字母组合", "0017. 电话号码的字母组合\0017. 电话号码的字母组合.vcxproj", "{3DE3E954-AE37-46ED-9C8B-E979212C45C1}"
EndProject
Project("{8BC9CEB8-8B4A-11D0-8D11-00A0C91BC942}") = "Utils", "Utils\Utils.vcxproj", "{02CC10DD-E30A-4028-B0AE-722454495E9D}"
EndProject
Project("{8BC9CEB8-8B4A-11D0-8D11-00A0C91BC942}") = "0018. 四数之和", "0018. 四数之和\0018. 四数之和.vcxproj", "{D459FE74-0E2D-4D80-89FD-2CFC18217310}"
EndProject
Project("{8BC9CEB8-8B4A-11D0-8D11-00A0C91BC942}") = "0019. 删除链表的倒数第 N 个结点", "0019. 删除链表的倒数第 N 个结点\0019. 删除链表的倒数第 N 个结点.vcxproj", "{2F39EC64-2AED-4943-B22B-4C428E8C702E}"
EndProject
Project("{8BC9CEB8-8B4A-11D0-8D11-00A0C91BC942}") = "0020. 有效的括号", "0020. 有效的括号\0020. 有效的括号.vcxproj", "{E4B0C76D-CC7F-4EBB-BE02-0782FFFB755D}"
EndProject
Project("{8BC9CEB8-8B4A-11D0-8D11-00A0C91BC942}") = "0021. 合并两个有序链表", "0021. 合并两个有序链表\0021. 合并两个有序链表.vcxproj", "{0DB969E9-F342-4064-A20B-B8C0AC29BF59}"
EndProject
Global
	GlobalSection(SolutionConfigurationPlatforms) = preSolution
		Debug|x64 = Debug|x64
		Debug|x86 = Debug|x86
		Release|x64 = Release|x64
		Release|x86 = Release|x86
	EndGlobalSection
	GlobalSection(ProjectConfigurationPlatforms) = postSolution
		{BD7A90CE-5D25-4496-8149-DD001801744C}.Debug|x64.ActiveCfg = Debug|x64
		{BD7A90CE-5D25-4496-8149-DD001801744C}.Debug|x64.Build.0 = Debug|x64
		{BD7A90CE-5D25-4496-8149-DD001801744C}.Debug|x86.ActiveCfg = Debug|Win32
		{BD7A90CE-5D25-4496-8149-DD001801744C}.Debug|x86.Build.0 = Debug|Win32
		{BD7A90CE-5D25-4496-8149-DD001801744C}.Release|x64.ActiveCfg = Release|x64
		{BD7A90CE-5D25-4496-8149-DD001801744C}.Release|x64.Build.0 = Release|x64
		{BD7A90CE-5D25-4496-8149-DD001801744C}.Release|x86.ActiveCfg = Release|Win32
		{BD7A90CE-5D25-4496-8149-DD001801744C}.Release|x86.Build.0 = Release|Win32
		{172BBA63-3925-4889-A95D-FE5FE1B4D72D}.Debug|x64.ActiveCfg = Debug|x64
		{172BBA63-3925-4889-A95D-FE5FE1B4D72D}.Debug|x64.Build.0 = Debug|x64
		{172BBA63-3925-4889-A95D-FE5FE1B4D72D}.Debug|x86.ActiveCfg = Debug|Win32
		{172BBA63-3925-4889-A95D-FE5FE1B4D72D}.Debug|x86.Build.0 = Debug|Win32
		{172BBA63-3925-4889-A95D-FE5FE1B4D72D}.Release|x64.ActiveCfg = Release|x64
		{172BBA63-3925-4889-A95D-FE5FE1B4D72D}.Release|x64.Build.0 = Release|x64
		{172BBA63-3925-4889-A95D-FE5FE1B4D72D}.Release|x86.ActiveCfg = Release|Win32
		{172BBA63-3925-4889-A95D-FE5FE1B4D72D}.Release|x86.Build.0 = Release|Win32
		{73ED0D80-1BEE-4B1D-8303-28D801F56CB9}.Debug|x64.ActiveCfg = Debug|x64
		{73ED0D80-1BEE-4B1D-8303-28D801F56CB9}.Debug|x64.Build.0 = Debug|x64
		{73ED0D80-1BEE-4B1D-8303-28D801F56CB9}.Debug|x86.ActiveCfg = Debug|Win32
		{73ED0D80-1BEE-4B1D-8303-28D801F56CB9}.Debug|x86.Build.0 = Debug|Win32
		{73ED0D80-1BEE-4B1D-8303-28D801F56CB9}.Release|x64.ActiveCfg = Release|x64
		{73ED0D80-1BEE-4B1D-8303-28D801F56CB9}.Release|x64.Build.0 = Release|x64
		{73ED0D80-1BEE-4B1D-8303-28D801F56CB9}.Release|x86.ActiveCfg = Release|Win32
		{73ED0D80-1BEE-4B1D-8303-28D801F56CB9}.Release|x86.Build.0 = Release|Win32
		{DA599849-EE53-48F5-8DA6-5E89694ED2CA}.Debug|x64.ActiveCfg = Debug|x64
		{DA599849-EE53-48F5-8DA6-5E89694ED2CA}.Debug|x64.Build.0 = Debug|x64
		{DA599849-EE53-48F5-8DA6-5E89694ED2CA}.Debug|x86.ActiveCfg = Debug|Win32
		{DA599849-EE53-48F5-8DA6-5E89694ED2CA}.Debug|x86.Build.0 = Debug|Win32
		{DA599849-EE53-48F5-8DA6-5E89694ED2CA}.Release|x64.ActiveCfg = Release|x64
		{DA599849-EE53-48F5-8DA6-5E89694ED2CA}.Release|x64.Build.0 = Release|x64
		{DA599849-EE53-48F5-8DA6-5E89694ED2CA}.Release|x86.ActiveCfg = Release|Win32
		{DA599849-EE53-48F5-8DA6-5E89694ED2CA}.Release|x86.Build.0 = Release|Win32
		{B78BD006-466B-4379-B304-A71F16EF8DE1}.Debug|x64.ActiveCfg = Debug|x64
		{B78BD006-466B-4379-B304-A71F16EF8DE1}.Debug|x64.Build.0 = Debug|x64
		{B78BD006-466B-4379-B304-A71F16EF8DE1}.Debug|x86.ActiveCfg = Debug|Win32
		{B78BD006-466B-4379-B304-A71F16EF8DE1}.Debug|x86.Build.0 = Debug|Win32
		{B78BD006-466B-4379-B304-A71F16EF8DE1}.Release|x64.ActiveCfg = Release|x64
		{B78BD006-466B-4379-B304-A71F16EF8DE1}.Release|x64.Build.0 = Release|x64
		{B78BD006-466B-4379-B304-A71F16EF8DE1}.Release|x86.ActiveCfg = Release|Win32
		{B78BD006-466B-4379-B304-A71F16EF8DE1}.Release|x86.Build.0 = Release|Win32
		{3285F6BB-1B11-4F46-A089-252E43431870}.Debug|x64.ActiveCfg = Debug|x64
		{3285F6BB-1B11-4F46-A089-252E43431870}.Debug|x64.Build.0 = Debug|x64
		{3285F6BB-1B11-4F46-A089-252E43431870}.Debug|x86.ActiveCfg = Debug|Win32
		{3285F6BB-1B11-4F46-A089-252E43431870}.Debug|x86.Build.0 = Debug|Win32
		{3285F6BB-1B11-4F46-A089-252E43431870}.Release|x64.ActiveCfg = Release|x64
		{3285F6BB-1B11-4F46-A089-252E43431870}.Release|x64.Build.0 = Release|x64
		{3285F6BB-1B11-4F46-A089-252E43431870}.Release|x86.ActiveCfg = Release|Win32
		{3285F6BB-1B11-4F46-A089-252E43431870}.Release|x86.Build.0 = Release|Win32
		{628D6836-194E-4507-8CEE-7B7834A96C98}.Debug|x64.ActiveCfg = Debug|x64
		{628D6836-194E-4507-8CEE-7B7834A96C98}.Debug|x64.Build.0 = Debug|x64
		{628D6836-194E-4507-8CEE-7B7834A96C98}.Debug|x86.ActiveCfg = Debug|Win32
		{628D6836-194E-4507-8CEE-7B7834A96C98}.Debug|x86.Build.0 = Debug|Win32
		{628D6836-194E-4507-8CEE-7B7834A96C98}.Release|x64.ActiveCfg = Release|x64
		{628D6836-194E-4507-8CEE-7B7834A96C98}.Release|x64.Build.0 = Release|x64
		{628D6836-194E-4507-8CEE-7B7834A96C98}.Release|x86.ActiveCfg = Release|Win32
		{628D6836-194E-4507-8CEE-7B7834A96C98}.Release|x86.Build.0 = Release|Win32
		{C997F213-3A4E-414D-87D1-EE4BC8C80F25}.Debug|x64.ActiveCfg = Debug|x64
		{C997F213-3A4E-414D-87D1-EE4BC8C80F25}.Debug|x64.Build.0 = Debug|x64
		{C997F213-3A4E-414D-87D1-EE4BC8C80F25}.Debug|x86.ActiveCfg = Debug|Win32
		{C997F213-3A4E-414D-87D1-EE4BC8C80F25}.Debug|x86.Build.0 = Debug|Win32
		{C997F213-3A4E-414D-87D1-EE4BC8C80F25}.Release|x64.ActiveCfg = Release|x64
		{C997F213-3A4E-414D-87D1-EE4BC8C80F25}.Release|x64.Build.0 = Release|x64
		{C997F213-3A4E-414D-87D1-EE4BC8C80F25}.Release|x86.ActiveCfg = Release|Win32
		{C997F213-3A4E-414D-87D1-EE4BC8C80F25}.Release|x86.Build.0 = Release|Win32
		{B67BC445-380B-4DC4-90C6-72232C8730EC}.Debug|x64.ActiveCfg = Debug|x64
		{B67BC445-380B-4DC4-90C6-72232C8730EC}.Debug|x64.Build.0 = Debug|x64
		{B67BC445-380B-4DC4-90C6-72232C8730EC}.Debug|x86.ActiveCfg = Debug|Win32
		{B67BC445-380B-4DC4-90C6-72232C8730EC}.Debug|x86.Build.0 = Debug|Win32
		{B67BC445-380B-4DC4-90C6-72232C8730EC}.Release|x64.ActiveCfg = Release|x64
		{B67BC445-380B-4DC4-90C6-72232C8730EC}.Release|x64.Build.0 = Release|x64
		{B67BC445-380B-4DC4-90C6-72232C8730EC}.Release|x86.ActiveCfg = Release|Win32
		{B67BC445-380B-4DC4-90C6-72232C8730EC}.Release|x86.Build.0 = Release|Win32
		{6D606DD3-F006-4178-820E-13CC78E4F5A4}.Debug|x64.ActiveCfg = Debug|x64
		{6D606DD3-F006-4178-820E-13CC78E4F5A4}.Debug|x64.Build.0 = Debug|x64
		{6D606DD3-F006-4178-820E-13CC78E4F5A4}.Debug|x86.ActiveCfg = Debug|Win32
		{6D606DD3-F006-4178-820E-13CC78E4F5A4}.Debug|x86.Build.0 = Debug|Win32
		{6D606DD3-F006-4178-820E-13CC78E4F5A4}.Release|x64.ActiveCfg = Release|x64
		{6D606DD3-F006-4178-820E-13CC78E4F5A4}.Release|x64.Build.0 = Release|x64
		{6D606DD3-F006-4178-820E-13CC78E4F5A4}.Release|x86.ActiveCfg = Release|Win32
		{6D606DD3-F006-4178-820E-13CC78E4F5A4}.Release|x86.Build.0 = Release|Win32
		{6C8E26D5-95D4-4DEC-8CF9-102FA4CC31E0}.Debug|x64.ActiveCfg = Debug|x64
		{6C8E26D5-95D4-4DEC-8CF9-102FA4CC31E0}.Debug|x64.Build.0 = Debug|x64
		{6C8E26D5-95D4-4DEC-8CF9-102FA4CC31E0}.Debug|x86.ActiveCfg = Debug|Win32
		{6C8E26D5-95D4-4DEC-8CF9-102FA4CC31E0}.Debug|x86.Build.0 = Debug|Win32
		{6C8E26D5-95D4-4DEC-8CF9-102FA4CC31E0}.Release|x64.ActiveCfg = Release|x64
		{6C8E26D5-95D4-4DEC-8CF9-102FA4CC31E0}.Release|x64.Build.0 = Release|x64
		{6C8E26D5-95D4-4DEC-8CF9-102FA4CC31E0}.Release|x86.ActiveCfg = Release|Win32
		{6C8E26D5-95D4-4DEC-8CF9-102FA4CC31E0}.Release|x86.Build.0 = Release|Win32
		{FD75907C-B4FB-45F0-893E-65EBD4506D9C}.Debug|x64.ActiveCfg = Debug|x64
		{FD75907C-B4FB-45F0-893E-65EBD4506D9C}.Debug|x64.Build.0 = Debug|x64
		{FD75907C-B4FB-45F0-893E-65EBD4506D9C}.Debug|x86.ActiveCfg = Debug|Win32
		{FD75907C-B4FB-45F0-893E-65EBD4506D9C}.Debug|x86.Build.0 = Debug|Win32
		{FD75907C-B4FB-45F0-893E-65EBD4506D9C}.Release|x64.ActiveCfg = Release|x64
		{FD75907C-B4FB-45F0-893E-65EBD4506D9C}.Release|x64.Build.0 = Release|x64
		{FD75907C-B4FB-45F0-893E-65EBD4506D9C}.Release|x86.ActiveCfg = Release|Win32
		{FD75907C-B4FB-45F0-893E-65EBD4506D9C}.Release|x86.Build.0 = Release|Win32
		{A91385FA-6460-46EC-B738-BC0884E28577}.Debug|x64.ActiveCfg = Debug|x64
		{A91385FA-6460-46EC-B738-BC0884E28577}.Debug|x64.Build.0 = Debug|x64
		{A91385FA-6460-46EC-B738-BC0884E28577}.Debug|x86.ActiveCfg = Debug|Win32
		{A91385FA-6460-46EC-B738-BC0884E28577}.Debug|x86.Build.0 = Debug|Win32
		{A91385FA-6460-46EC-B738-BC0884E28577}.Release|x64.ActiveCfg = Release|x64
		{A91385FA-6460-46EC-B738-BC0884E28577}.Release|x64.Build.0 = Release|x64
		{A91385FA-6460-46EC-B738-BC0884E28577}.Release|x86.ActiveCfg = Release|Win32
		{A91385FA-6460-46EC-B738-BC0884E28577}.Release|x86.Build.0 = Release|Win32
		{EBE5779E-3E06-45D0-8911-655D27AEB8F6}.Debug|x64.ActiveCfg = Debug|x64
		{EBE5779E-3E06-45D0-8911-655D27AEB8F6}.Debug|x64.Build.0 = Debug|x64
		{EBE5779E-3E06-45D0-8911-655D27AEB8F6}.Debug|x86.ActiveCfg = Debug|Win32
		{EBE5779E-3E06-45D0-8911-655D27AEB8F6}.Debug|x86.Build.0 = Debug|Win32
		{EBE5779E-3E06-45D0-8911-655D27AEB8F6}.Release|x64.ActiveCfg = Release|x64
		{EBE5779E-3E06-45D0-8911-655D27AEB8F6}.Release|x64.Build.0 = Release|x64
		{EBE5779E-3E06-45D0-8911-655D27AEB8F6}.Release|x86.ActiveCfg = Release|Win32
		{EBE5779E-3E06-45D0-8911-655D27AEB8F6}.Release|x86.Build.0 = Release|Win32
		{0C115A5A-0537-4990-A175-DAD644AABB50}.Debug|x64.ActiveCfg = Debug|x64
		{0C115A5A-0537-4990-A175-DAD644AABB50}.Debug|x64.Build.0 = Debug|x64
		{0C115A5A-0537-4990-A175-DAD644AABB50}.Debug|x86.ActiveCfg = Debug|Win32
		{0C115A5A-0537-4990-A175-DAD644AABB50}.Debug|x86.Build.0 = Debug|Win32
		{0C115A5A-0537-4990-A175-DAD644AABB50}.Release|x64.ActiveCfg = Release|x64
		{0C115A5A-0537-4990-A175-DAD644AABB50}.Release|x64.Build.0 = Release|x64
		{0C115A5A-0537-4990-A175-DAD644AABB50}.Release|x86.ActiveCfg = Release|Win32
		{0C115A5A-0537-4990-A175-DAD644AABB50}.Release|x86.Build.0 = Release|Win32
		{521F387E-7798-4E6E-AF04-2120A79061D7}.Debug|x64.ActiveCfg = Debug|x64
		{521F387E-7798-4E6E-AF04-2120A79061D7}.Debug|x64.Build.0 = Debug|x64
		{521F387E-7798-4E6E-AF04-2120A79061D7}.Debug|x86.ActiveCfg = Debug|Win32
		{521F387E-7798-4E6E-AF04-2120A79061D7}.Debug|x86.Build.0 = Debug|Win32
		{521F387E-7798-4E6E-AF04-2120A79061D7}.Release|x64.ActiveCfg = Release|x64
		{521F387E-7798-4E6E-AF04-2120A79061D7}.Release|x64.Build.0 = Release|x64
		{521F387E-7798-4E6E-AF04-2120A79061D7}.Release|x86.ActiveCfg = Release|Win32
		{521F387E-7798-4E6E-AF04-2120A79061D7}.Release|x86.Build.0 = Release|Win32
		{3DE3E954-AE37-46ED-9C8B-E979212C45C1}.Debug|x64.ActiveCfg = Debug|x64
		{3DE3E954-AE37-46ED-9C8B-E979212C45C1}.Debug|x64.Build.0 = Debug|x64
		{3DE3E954-AE37-46ED-9C8B-E979212C45C1}.Debug|x86.ActiveCfg = Debug|Win32
		{3DE3E954-AE37-46ED-9C8B-E979212C45C1}.Debug|x86.Build.0 = Debug|Win32
		{3DE3E954-AE37-46ED-9C8B-E979212C45C1}.Release|x64.ActiveCfg = Release|x64
		{3DE3E954-AE37-46ED-9C8B-E979212C45C1}.Release|x64.Build.0 = Release|x64
		{3DE3E954-AE37-46ED-9C8B-E979212C45C1}.Release|x86.ActiveCfg = Release|Win32
		{3DE3E954-AE37-46ED-9C8B-E979212C45C1}.Release|x86.Build.0 = Release|Win32
		{02CC10DD-E30A-4028-B0AE-722454495E9D}.Debug|x64.ActiveCfg = Debug|x64
		{02CC10DD-E30A-4028-B0AE-722454495E9D}.Debug|x64.Build.0 = Debug|x64
		{02CC10DD-E30A-4028-B0AE-722454495E9D}.Debug|x86.ActiveCfg = Debug|Win32
		{02CC10DD-E30A-4028-B0AE-722454495E9D}.Debug|x86.Build.0 = Debug|Win32
		{02CC10DD-E30A-4028-B0AE-722454495E9D}.Release|x64.ActiveCfg = Release|x64
		{02CC10DD-E30A-4028-B0AE-722454495E9D}.Release|x64.Build.0 = Release|x64
		{02CC10DD-E30A-4028-B0AE-722454495E9D}.Release|x86.ActiveCfg = Release|Win32
		{02CC10DD-E30A-4028-B0AE-722454495E9D}.Release|x86.Build.0 = Release|Win32
		{D459FE74-0E2D-4D80-89FD-2CFC18217310}.Debug|x64.ActiveCfg = Debug|x64
		{D459FE74-0E2D-4D80-89FD-2CFC18217310}.Debug|x64.Build.0 = Debug|x64
		{D459FE74-0E2D-4D80-89FD-2CFC18217310}.Debug|x86.ActiveCfg = Debug|Win32
		{D459FE74-0E2D-4D80-89FD-2CFC18217310}.Debug|x86.Build.0 = Debug|Win32
		{D459FE74-0E2D-4D80-89FD-2CFC18217310}.Release|x64.ActiveCfg = Release|x64
		{D459FE74-0E2D-4D80-89FD-2CFC18217310}.Release|x64.Build.0 = Release|x64
		{D459FE74-0E2D-4D80-89FD-2CFC18217310}.Release|x86.ActiveCfg = Release|Win32
		{D459FE74-0E2D-4D80-89FD-2CFC18217310}.Release|x86.Build.0 = Release|Win32
		{2F39EC64-2AED-4943-B22B-4C428E8C702E}.Debug|x64.ActiveCfg = Debug|x64
		{2F39EC64-2AED-4943-B22B-4C428E8C702E}.Debug|x64.Build.0 = Debug|x64
		{2F39EC64-2AED-4943-B22B-4C428E8C702E}.Debug|x86.ActiveCfg = Debug|Win32
		{2F39EC64-2AED-4943-B22B-4C428E8C702E}.Debug|x86.Build.0 = Debug|Win32
		{2F39EC64-2AED-4943-B22B-4C428E8C702E}.Release|x64.ActiveCfg = Release|x64
		{2F39EC64-2AED-4943-B22B-4C428E8C702E}.Release|x64.Build.0 = Release|x64
		{2F39EC64-2AED-4943-B22B-4C428E8C702E}.Release|x86.ActiveCfg = Release|Win32
		{2F39EC64-2AED-4943-B22B-4C428E8C702E}.Release|x86.Build.0 = Release|Win32
		{E4B0C76D-CC7F-4EBB-BE02-0782FFFB755D}.Debug|x64.ActiveCfg = Debug|x64
		{E4B0C76D-CC7F-4EBB-BE02-0782FFFB755D}.Debug|x64.Build.0 = Debug|x64
		{E4B0C76D-CC7F-4EBB-BE02-0782FFFB755D}.Debug|x86.ActiveCfg = Debug|Win32
		{E4B0C76D-CC7F-4EBB-BE02-0782FFFB755D}.Debug|x86.Build.0 = Debug|Win32
		{E4B0C76D-CC7F-4EBB-BE02-0782FFFB755D}.Release|x64.ActiveCfg = Release|x64
		{E4B0C76D-CC7F-4EBB-BE02-0782FFFB755D}.Release|x64.Build.0 = Release|x64
		{E4B0C76D-CC7F-4EBB-BE02-0782FFFB755D}.Release|x86.ActiveCfg = Release|Win32
		{E4B0C76D-CC7F-4EBB-BE02-0782FFFB755D}.Release|x86.Build.0 = Release|Win32
		{0DB969E9-F342-4064-A20B-B8C0AC29BF59}.Debug|x64.ActiveCfg = Debug|x64
		{0DB969E9-F342-4064-A20B-B8C0AC29BF59}.Debug|x64.Build.0 = Debug|x64
		{0DB969E9-F342-4064-A20B-B8C0AC29BF59}.Debug|x86.ActiveCfg = Debug|Win32
		{0DB969E9-F342-4064-A20B-B8C0AC29BF59}.Debug|x86.Build.0 = Debug|Win32
		{0DB969E9-F342-4064-A20B-B8C0AC29BF59}.Release|x64.ActiveCfg = Release|x64
		{0DB969E9-F342-4064-A20B-B8C0AC29BF59}.Release|x64.Build.0 = Release|x64
		{0DB969E9-F342-4064-A20B-B8C0AC29BF59}.Release|x86.ActiveCfg = Release|Win32
		{0DB969E9-F342-4064-A20B-B8C0AC29BF59}.Release|x86.Build.0 = Release|Win32
	EndGlobalSection
	GlobalSection(SolutionProperties) = preSolution
		HideSolutionNode = FALSE
	EndGlobalSection
EndGlobal
